// !$*UTF8*$!
{
	archiveVersion = 1;
	classes = {
	};
	objectVersion = 46;
	objects = {

/* Begin PBXBuildFile section */
		4081ACA41DD20672001994C4 /* DTMessageBar.h in Headers */ = {isa = PBXBuildFile; fileRef = 4081ACA31DD20672001994C4 /* DTMessageBar.h */; settings = {ATTRIBUTES = (Public, ); }; };
		4081ACAC1DD20753001994C4 /* AppDelegate.swift in Sources */ = {isa = PBXBuildFile; fileRef = 4081ACAB1DD20753001994C4 /* AppDelegate.swift */; };
		4081ACAE1DD20753001994C4 /* ViewController.swift in Sources */ = {isa = PBXBuildFile; fileRef = 4081ACAD1DD20753001994C4 /* ViewController.swift */; };
		4081ACB11DD20753001994C4 /* Main.storyboard in Resources */ = {isa = PBXBuildFile; fileRef = 4081ACAF1DD20753001994C4 /* Main.storyboard */; };
		4081ACB31DD20753001994C4 /* Assets.xcassets in Resources */ = {isa = PBXBuildFile; fileRef = 4081ACB21DD20753001994C4 /* Assets.xcassets */; };
		4081ACB61DD20753001994C4 /* LaunchScreen.storyboard in Resources */ = {isa = PBXBuildFile; fileRef = 4081ACB41DD20753001994C4 /* LaunchScreen.storyboard */; };
		4081ACBB1DD20762001994C4 /* DTMessageBar.framework in Frameworks */ = {isa = PBXBuildFile; fileRef = 4081AC721DD203B2001994C4 /* DTMessageBar.framework */; };
		4081ACED1DD20BAA001994C4 /* DTMessageBar.swift in Sources */ = {isa = PBXBuildFile; fileRef = 4081ACEC1DD20BAA001994C4 /* DTMessageBar.swift */; };
		40B8F1701DD6B22E00FFBDE3 /* error.png in Resources */ = {isa = PBXBuildFile; fileRef = 40B8F1641DD6B22E00FFBDE3 /* error.png */; };
		40B8F1711DD6B22E00FFBDE3 /* error@2x.png in Resources */ = {isa = PBXBuildFile; fileRef = 40B8F1651DD6B22E00FFBDE3 /* error@2x.png */; };
		40B8F1721DD6B22E00FFBDE3 /* error@3x.png in Resources */ = {isa = PBXBuildFile; fileRef = 40B8F1661DD6B22E00FFBDE3 /* error@3x.png */; };
		40B8F1731DD6B22E00FFBDE3 /* info.png in Resources */ = {isa = PBXBuildFile; fileRef = 40B8F1671DD6B22E00FFBDE3 /* info.png */; };
		40B8F1741DD6B22E00FFBDE3 /* info@2x.png in Resources */ = {isa = PBXBuildFile; fileRef = 40B8F1681DD6B22E00FFBDE3 /* info@2x.png */; };
		40B8F1751DD6B22E00FFBDE3 /* info@3x.png in Resources */ = {isa = PBXBuildFile; fileRef = 40B8F1691DD6B22E00FFBDE3 /* info@3x.png */; };
		40B8F1761DD6B22E00FFBDE3 /* success.png in Resources */ = {isa = PBXBuildFile; fileRef = 40B8F16A1DD6B22E00FFBDE3 /* success.png */; };
		40B8F1771DD6B22E00FFBDE3 /* success@2x.png in Resources */ = {isa = PBXBuildFile; fileRef = 40B8F16B1DD6B22E00FFBDE3 /* success@2x.png */; };
		40B8F1781DD6B22E00FFBDE3 /* success@3x.png in Resources */ = {isa = PBXBuildFile; fileRef = 40B8F16C1DD6B22E00FFBDE3 /* success@3x.png */; };
		40B8F1791DD6B22E00FFBDE3 /* warning.png in Resources */ = {isa = PBXBuildFile; fileRef = 40B8F16D1DD6B22E00FFBDE3 /* warning.png */; };
		40B8F17A1DD6B22E00FFBDE3 /* warning@2x.png in Resources */ = {isa = PBXBuildFile; fileRef = 40B8F16E1DD6B22E00FFBDE3 /* warning@2x.png */; };
		40B8F17B1DD6B22E00FFBDE3 /* warning@3x.png in Resources */ = {isa = PBXBuildFile; fileRef = 40B8F16F1DD6B22E00FFBDE3 /* warning@3x.png */; };
		40B8F1881DD6BCF400FFBDE3 /* error_emoji.png in Resources */ = {isa = PBXBuildFile; fileRef = 40B8F17C1DD6BCF400FFBDE3 /* error_emoji.png */; };
		40B8F1891DD6BCF400FFBDE3 /* error_emoji@2x.png in Resources */ = {isa = PBXBuildFile; fileRef = 40B8F17D1DD6BCF400FFBDE3 /* error_emoji@2x.png */; };
		40B8F18A1DD6BCF400FFBDE3 /* error_emoji@3x.png in Resources */ = {isa = PBXBuildFile; fileRef = 40B8F17E1DD6BCF400FFBDE3 /* error_emoji@3x.png */; };
		40B8F18B1DD6BCF400FFBDE3 /* info_emoji.png in Resources */ = {isa = PBXBuildFile; fileRef = 40B8F17F1DD6BCF400FFBDE3 /* info_emoji.png */; };
		40B8F18C1DD6BCF400FFBDE3 /* info_emoji@2x.png in Resources */ = {isa = PBXBuildFile; fileRef = 40B8F1801DD6BCF400FFBDE3 /* info_emoji@2x.png */; };
		40B8F18D1DD6BCF400FFBDE3 /* info_emoji@3x.png in Resources */ = {isa = PBXBuildFile; fileRef = 40B8F1811DD6BCF400FFBDE3 /* info_emoji@3x.png */; };
		40B8F18E1DD6BCF400FFBDE3 /* success_emoji.png in Resources */ = {isa = PBXBuildFile; fileRef = 40B8F1821DD6BCF400FFBDE3 /* success_emoji.png */; };
		40B8F18F1DD6BCF400FFBDE3 /* success_emoji@2x.png in Resources */ = {isa = PBXBuildFile; fileRef = 40B8F1831DD6BCF400FFBDE3 /* success_emoji@2x.png */; };
		40B8F1901DD6BCF400FFBDE3 /* success_emoji@3x.png in Resources */ = {isa = PBXBuildFile; fileRef = 40B8F1841DD6BCF400FFBDE3 /* success_emoji@3x.png */; };
		40B8F1911DD6BCF400FFBDE3 /* warning_emoji.png in Resources */ = {isa = PBXBuildFile; fileRef = 40B8F1851DD6BCF400FFBDE3 /* warning_emoji.png */; };
		40B8F1921DD6BCF400FFBDE3 /* warning_emoji@2x.png in Resources */ = {isa = PBXBuildFile; fileRef = 40B8F1861DD6BCF400FFBDE3 /* warning_emoji@2x.png */; };
		40B8F1931DD6BCF400FFBDE3 /* warning_emoji@3x.png in Resources */ = {isa = PBXBuildFile; fileRef = 40B8F1871DD6BCF400FFBDE3 /* warning_emoji@3x.png */; };
/* End PBXBuildFile section */

/* Begin PBXFileReference section */
		4081AC721DD203B2001994C4 /* DTMessageBar.framework */ = {isa = PBXFileReference; explicitFileType = wrapper.framework; includeInIndex = 0; path = DTMessageBar.framework; sourceTree = BUILT_PRODUCTS_DIR; };
		4081AC991DD20490001994C4 /* Info-iOS.plist */ = {isa = PBXFileReference; fileEncoding = 4; lastKnownFileType = text.plist.xml; path = "Info-iOS.plist"; sourceTree = "<group>"; };
		4081ACA31DD20672001994C4 /* DTMessageBar.h */ = {isa = PBXFileReference; fileEncoding = 4; lastKnownFileType = sourcecode.c.h; path = DTMessageBar.h; sourceTree = "<group>"; };
		4081ACA91DD20753001994C4 /* DTMessageBar iOS Example.app */ = {isa = PBXFileReference; explicitFileType = wrapper.application; includeInIndex = 0; path = "DTMessageBar iOS Example.app"; sourceTree = BUILT_PRODUCTS_DIR; };
		4081ACAB1DD20753001994C4 /* AppDelegate.swift */ = {isa = PBXFileReference; lastKnownFileType = sourcecode.swift; path = AppDelegate.swift; sourceTree = "<group>"; };
		4081ACAD1DD20753001994C4 /* ViewController.swift */ = {isa = PBXFileReference; lastKnownFileType = sourcecode.swift; path = ViewController.swift; sourceTree = "<group>"; };
		4081ACB01DD20753001994C4 /* Base */ = {isa = PBXFileReference; lastKnownFileType = file.storyboard; name = Base; path = Base.lproj/Main.storyboard; sourceTree = "<group>"; };
		4081ACB21DD20753001994C4 /* Assets.xcassets */ = {isa = PBXFileReference; lastKnownFileType = folder.assetcatalog; path = Assets.xcassets; sourceTree = "<group>"; };
		4081ACB51DD20753001994C4 /* Base */ = {isa = PBXFileReference; lastKnownFileType = file.storyboard; name = Base; path = Base.lproj/LaunchScreen.storyboard; sourceTree = "<group>"; };
		4081ACB71DD20753001994C4 /* Info.plist */ = {isa = PBXFileReference; lastKnownFileType = text.plist.xml; path = Info.plist; sourceTree = "<group>"; };
		4081ACEC1DD20BAA001994C4 /* DTMessageBar.swift */ = {isa = PBXFileReference; fileEncoding = 4; lastKnownFileType = sourcecode.swift; path = DTMessageBar.swift; sourceTree = "<group>"; };
		40B8F1641DD6B22E00FFBDE3 /* error.png */ = {isa = PBXFileReference; lastKnownFileType = image.png; path = error.png; sourceTree = "<group>"; };
		40B8F1651DD6B22E00FFBDE3 /* error@2x.png */ = {isa = PBXFileReference; lastKnownFileType = image.png; path = "error@2x.png"; sourceTree = "<group>"; };
		40B8F1661DD6B22E00FFBDE3 /* error@3x.png */ = {isa = PBXFileReference; lastKnownFileType = image.png; path = "error@3x.png"; sourceTree = "<group>"; };
		40B8F1671DD6B22E00FFBDE3 /* info.png */ = {isa = PBXFileReference; lastKnownFileType = image.png; path = info.png; sourceTree = "<group>"; };
		40B8F1681DD6B22E00FFBDE3 /* info@2x.png */ = {isa = PBXFileReference; lastKnownFileType = image.png; path = "info@2x.png"; sourceTree = "<group>"; };
		40B8F1691DD6B22E00FFBDE3 /* info@3x.png */ = {isa = PBXFileReference; lastKnownFileType = image.png; path = "info@3x.png"; sourceTree = "<group>"; };
		40B8F16A1DD6B22E00FFBDE3 /* success.png */ = {isa = PBXFileReference; lastKnownFileType = image.png; path = success.png; sourceTree = "<group>"; };
		40B8F16B1DD6B22E00FFBDE3 /* success@2x.png */ = {isa = PBXFileReference; lastKnownFileType = image.png; path = "success@2x.png"; sourceTree = "<group>"; };
		40B8F16C1DD6B22E00FFBDE3 /* success@3x.png */ = {isa = PBXFileReference; lastKnownFileType = image.png; path = "success@3x.png"; sourceTree = "<group>"; };
		40B8F16D1DD6B22E00FFBDE3 /* warning.png */ = {isa = PBXFileReference; lastKnownFileType = image.png; path = warning.png; sourceTree = "<group>"; };
		40B8F16E1DD6B22E00FFBDE3 /* warning@2x.png */ = {isa = PBXFileReference; lastKnownFileType = image.png; path = "warning@2x.png"; sourceTree = "<group>"; };
		40B8F16F1DD6B22E00FFBDE3 /* warning@3x.png */ = {isa = PBXFileReference; lastKnownFileType = image.png; path = "warning@3x.png"; sourceTree = "<group>"; };
		40B8F17C1DD6BCF400FFBDE3 /* error_emoji.png */ = {isa = PBXFileReference; lastKnownFileType = image.png; path = error_emoji.png; sourceTree = "<group>"; };
		40B8F17D1DD6BCF400FFBDE3 /* error_emoji@2x.png */ = {isa = PBXFileReference; lastKnownFileType = image.png; path = "error_emoji@2x.png"; sourceTree = "<group>"; };
		40B8F17E1DD6BCF400FFBDE3 /* error_emoji@3x.png */ = {isa = PBXFileReference; lastKnownFileType = image.png; path = "error_emoji@3x.png"; sourceTree = "<group>"; };
		40B8F17F1DD6BCF400FFBDE3 /* info_emoji.png */ = {isa = PBXFileReference; lastKnownFileType = image.png; path = info_emoji.png; sourceTree = "<group>"; };
		40B8F1801DD6BCF400FFBDE3 /* info_emoji@2x.png */ = {isa = PBXFileReference; lastKnownFileType = image.png; path = "info_emoji@2x.png"; sourceTree = "<group>"; };
		40B8F1811DD6BCF400FFBDE3 /* info_emoji@3x.png */ = {isa = PBXFileReference; lastKnownFileType = image.png; path = "info_emoji@3x.png"; sourceTree = "<group>"; };
		40B8F1821DD6BCF400FFBDE3 /* success_emoji.png */ = {isa = PBXFileReference; lastKnownFileType = image.png; path = success_emoji.png; sourceTree = "<group>"; };
		40B8F1831DD6BCF400FFBDE3 /* success_emoji@2x.png */ = {isa = PBXFileReference; lastKnownFileType = image.png; path = "success_emoji@2x.png"; sourceTree = "<group>"; };
		40B8F1841DD6BCF400FFBDE3 /* success_emoji@3x.png */ = {isa = PBXFileReference; lastKnownFileType = image.png; path = "success_emoji@3x.png"; sourceTree = "<group>"; };
		40B8F1851DD6BCF400FFBDE3 /* warning_emoji.png */ = {isa = PBXFileReference; lastKnownFileType = image.png; path = warning_emoji.png; sourceTree = "<group>"; };
		40B8F1861DD6BCF400FFBDE3 /* warning_emoji@2x.png */ = {isa = PBXFileReference; lastKnownFileType = image.png; path = "warning_emoji@2x.png"; sourceTree = "<group>"; };
		40B8F1871DD6BCF400FFBDE3 /* warning_emoji@3x.png */ = {isa = PBXFileReference; lastKnownFileType = image.png; path = "warning_emoji@3x.png"; sourceTree = "<group>"; };
/* End PBXFileReference section */

/* Begin PBXFrameworksBuildPhase section */
		4081AC6E1DD203B2001994C4 /* Frameworks */ = {
			isa = PBXFrameworksBuildPhase;
			buildActionMask = 2147483647;
			files = (
			);
			runOnlyForDeploymentPostprocessing = 0;
		};
		4081ACA61DD20753001994C4 /* Frameworks */ = {
			isa = PBXFrameworksBuildPhase;
			buildActionMask = 2147483647;
			files = (
				4081ACBB1DD20762001994C4 /* DTMessageBar.framework in Frameworks */,
			);
			runOnlyForDeploymentPostprocessing = 0;
		};
/* End PBXFrameworksBuildPhase section */

/* Begin PBXGroup section */
		4081AC511DD20333001994C4 = {
			isa = PBXGroup;
			children = (
				4081AC981DD2043F001994C4 /* Sources */,
				4081ACAA1DD20753001994C4 /* DTMessageBar iOS Example */,
				4081AC731DD203B2001994C4 /* Products */,
			);
			sourceTree = "<group>";
		};
		4081AC731DD203B2001994C4 /* Products */ = {
			isa = PBXGroup;
			children = (
				4081AC721DD203B2001994C4 /* DTMessageBar.framework */,
				4081ACA91DD20753001994C4 /* DTMessageBar iOS Example.app */,
			);
			name = Products;
			sourceTree = "<group>";
		};
		4081AC981DD2043F001994C4 /* Sources */ = {
			isa = PBXGroup;
			children = (
				4081AC991DD20490001994C4 /* Info-iOS.plist */,
				4081ACA31DD20672001994C4 /* DTMessageBar.h */,
				4081ACEC1DD20BAA001994C4 /* DTMessageBar.swift */,
				40B8F17C1DD6BCF400FFBDE3 /* error_emoji.png */,
				40B8F17D1DD6BCF400FFBDE3 /* error_emoji@2x.png */,
				40B8F17E1DD6BCF400FFBDE3 /* error_emoji@3x.png */,
				40B8F17F1DD6BCF400FFBDE3 /* info_emoji.png */,
				40B8F1801DD6BCF400FFBDE3 /* info_emoji@2x.png */,
				40B8F1811DD6BCF400FFBDE3 /* info_emoji@3x.png */,
				40B8F1821DD6BCF400FFBDE3 /* success_emoji.png */,
				40B8F1831DD6BCF400FFBDE3 /* success_emoji@2x.png */,
				40B8F1841DD6BCF400FFBDE3 /* success_emoji@3x.png */,
				40B8F1851DD6BCF400FFBDE3 /* warning_emoji.png */,
				40B8F1861DD6BCF400FFBDE3 /* warning_emoji@2x.png */,
				40B8F1871DD6BCF400FFBDE3 /* warning_emoji@3x.png */,
				40B8F1641DD6B22E00FFBDE3 /* error.png */,
				40B8F1651DD6B22E00FFBDE3 /* error@2x.png */,
				40B8F1661DD6B22E00FFBDE3 /* error@3x.png */,
				40B8F1671DD6B22E00FFBDE3 /* info.png */,
				40B8F1681DD6B22E00FFBDE3 /* info@2x.png */,
				40B8F1691DD6B22E00FFBDE3 /* info@3x.png */,
				40B8F16A1DD6B22E00FFBDE3 /* success.png */,
				40B8F16B1DD6B22E00FFBDE3 /* success@2x.png */,
				40B8F16C1DD6B22E00FFBDE3 /* success@3x.png */,
				40B8F16D1DD6B22E00FFBDE3 /* warning.png */,
				40B8F16E1DD6B22E00FFBDE3 /* warning@2x.png */,
				40B8F16F1DD6B22E00FFBDE3 /* warning@3x.png */,
			);
			path = Sources;
			sourceTree = "<group>";
		};
		4081ACAA1DD20753001994C4 /* DTMessageBar iOS Example */ = {
			isa = PBXGroup;
			children = (
				4081ACAB1DD20753001994C4 /* AppDelegate.swift */,
				4081ACAD1DD20753001994C4 /* ViewController.swift */,
				4081ACAF1DD20753001994C4 /* Main.storyboard */,
				4081ACB21DD20753001994C4 /* Assets.xcassets */,
				4081ACB41DD20753001994C4 /* LaunchScreen.storyboard */,
				4081ACB71DD20753001994C4 /* Info.plist */,
			);
			path = "DTMessageBar iOS Example";
			sourceTree = "<group>";
		};
/* End PBXGroup section */

/* Begin PBXHeadersBuildPhase section */
		4081AC6F1DD203B2001994C4 /* Headers */ = {
			isa = PBXHeadersBuildPhase;
			buildActionMask = 2147483647;
			files = (
				4081ACA41DD20672001994C4 /* DTMessageBar.h in Headers */,
			);
			runOnlyForDeploymentPostprocessing = 0;
		};
/* End PBXHeadersBuildPhase section */

/* Begin PBXNativeTarget section */
		4081AC711DD203B2001994C4 /* DTMessageBar iOS */ = {
			isa = PBXNativeTarget;
			buildConfigurationList = 4081AC781DD203B2001994C4 /* Build configuration list for PBXNativeTarget "DTMessageBar iOS" */;
			buildPhases = (
				4081AC6D1DD203B2001994C4 /* Sources */,
				4081AC6E1DD203B2001994C4 /* Frameworks */,
				4081AC6F1DD203B2001994C4 /* Headers */,
				4081AC701DD203B2001994C4 /* Resources */,
			);
			buildRules = (
			);
			dependencies = (
			);
			name = "DTMessageBar iOS";
			productName = "DTMessageBar iOS";
			productReference = 4081AC721DD203B2001994C4 /* DTMessageBar.framework */;
			productType = "com.apple.product-type.framework";
		};
		4081ACA81DD20753001994C4 /* DTMessageBar iOS Example */ = {
			isa = PBXNativeTarget;
			buildConfigurationList = 4081ACB81DD20753001994C4 /* Build configuration list for PBXNativeTarget "DTMessageBar iOS Example" */;
			buildPhases = (
				4081ACA51DD20753001994C4 /* Sources */,
				4081ACA61DD20753001994C4 /* Frameworks */,
				4081ACA71DD20753001994C4 /* Resources */,
			);
			buildRules = (
			);
			dependencies = (
			);
			name = "DTMessageBar iOS Example";
			productName = "DTMessageBar iOS Example";
			productReference = 4081ACA91DD20753001994C4 /* DTMessageBar iOS Example.app */;
			productType = "com.apple.product-type.application";
		};
/* End PBXNativeTarget section */

/* Begin PBXProject section */
		4081AC521DD20333001994C4 /* Project object */ = {
			isa = PBXProject;
			attributes = {
				LastSwiftUpdateCheck = 0810;
				LastUpgradeCheck = 0810;
				TargetAttributes = {
					4081AC711DD203B2001994C4 = {
						CreatedOnToolsVersion = 8.1;
						LastSwiftMigration = 0810;
						ProvisioningStyle = Automatic;
					};
					4081ACA81DD20753001994C4 = {
						CreatedOnToolsVersion = 8.1;
						DevelopmentTeam = SLM6SZ8JH3;
						ProvisioningStyle = Automatic;
					};
				};
			};
			buildConfigurationList = 4081AC551DD20333001994C4 /* Build configuration list for PBXProject "DTMessageBar" */;
			compatibilityVersion = "Xcode 3.2";
			developmentRegion = English;
			hasScannedForEncodings = 0;
			knownRegions = (
				en,
				Base,
			);
			mainGroup = 4081AC511DD20333001994C4;
			productRefGroup = 4081AC731DD203B2001994C4 /* Products */;
			projectDirPath = "";
			projectRoot = "";
			targets = (
				4081AC711DD203B2001994C4 /* DTMessageBar iOS */,
				4081ACA81DD20753001994C4 /* DTMessageBar iOS Example */,
			);
		};
/* End PBXProject section */

/* Begin PBXResourcesBuildPhase section */
		4081AC701DD203B2001994C4 /* Resources */ = {
			isa = PBXResourcesBuildPhase;
			buildActionMask = 2147483647;
			files = (
				40B8F18B1DD6BCF400FFBDE3 /* info_emoji.png in Resources */,
				40B8F18C1DD6BCF400FFBDE3 /* info_emoji@2x.png in Resources */,
				40B8F1791DD6B22E00FFBDE3 /* warning.png in Resources */,
				40B8F1721DD6B22E00FFBDE3 /* error@3x.png in Resources */,
				40B8F18D1DD6BCF400FFBDE3 /* info_emoji@3x.png in Resources */,
				40B8F17B1DD6B22E00FFBDE3 /* warning@3x.png in Resources */,
				40B8F18A1DD6BCF400FFBDE3 /* error_emoji@3x.png in Resources */,
				40B8F1921DD6BCF400FFBDE3 /* warning_emoji@2x.png in Resources */,
				40B8F1761DD6B22E00FFBDE3 /* success.png in Resources */,
				40B8F1701DD6B22E00FFBDE3 /* error.png in Resources */,
				40B8F1881DD6BCF400FFBDE3 /* error_emoji.png in Resources */,
				40B8F1891DD6BCF400FFBDE3 /* error_emoji@2x.png in Resources */,
				40B8F1741DD6B22E00FFBDE3 /* info@2x.png in Resources */,
				40B8F1771DD6B22E00FFBDE3 /* success@2x.png in Resources */,
				40B8F1751DD6B22E00FFBDE3 /* info@3x.png in Resources */,
				40B8F1781DD6B22E00FFBDE3 /* success@3x.png in Resources */,
				40B8F17A1DD6B22E00FFBDE3 /* warning@2x.png in Resources */,
				40B8F1901DD6BCF400FFBDE3 /* success_emoji@3x.png in Resources */,
				40B8F1911DD6BCF400FFBDE3 /* warning_emoji.png in Resources */,
				40B8F1931DD6BCF400FFBDE3 /* warning_emoji@3x.png in Resources */,
				40B8F18E1DD6BCF400FFBDE3 /* success_emoji.png in Resources */,
				40B8F18F1DD6BCF400FFBDE3 /* success_emoji@2x.png in Resources */,
				40B8F1711DD6B22E00FFBDE3 /* error@2x.png in Resources */,
				40B8F1731DD6B22E00FFBDE3 /* info.png in Resources */,
			);
			runOnlyForDeploymentPostprocessing = 0;
		};
		4081ACA71DD20753001994C4 /* Resources */ = {
			isa = PBXResourcesBuildPhase;
			buildActionMask = 2147483647;
			files = (
				4081ACB61DD20753001994C4 /* LaunchScreen.storyboard in Resources */,
				4081ACB31DD20753001994C4 /* Assets.xcassets in Resources */,
				4081ACB11DD20753001994C4 /* Main.storyboard in Resources */,
			);
			runOnlyForDeploymentPostprocessing = 0;
		};
/* End PBXResourcesBuildPhase section */

/* Begin PBXSourcesBuildPhase section */
		4081AC6D1DD203B2001994C4 /* Sources */ = {
			isa = PBXSourcesBuildPhase;
			buildActionMask = 2147483647;
			files = (
				4081ACED1DD20BAA001994C4 /* DTMessageBar.swift in Sources */,
			);
			runOnlyForDeploymentPostprocessing = 0;
		};
		4081ACA51DD20753001994C4 /* Sources */ = {
			isa = PBXSourcesBuildPhase;
			buildActionMask = 2147483647;
			files = (
				4081ACAE1DD20753001994C4 /* ViewController.swift in Sources */,
				4081ACAC1DD20753001994C4 /* AppDelegate.swift in Sources */,
			);
			runOnlyForDeploymentPostprocessing = 0;
		};
/* End PBXSourcesBuildPhase section */

/* Begin PBXVariantGroup section */
		4081ACAF1DD20753001994C4 /* Main.storyboard */ = {
			isa = PBXVariantGroup;
			children = (
				4081ACB01DD20753001994C4 /* Base */,
			);
			name = Main.storyboard;
			sourceTree = "<group>";
		};
		4081ACB41DD20753001994C4 /* LaunchScreen.storyboard */ = {
			isa = PBXVariantGroup;
			children = (
				4081ACB51DD20753001994C4 /* Base */,
			);
			name = LaunchScreen.storyboard;
			sourceTree = "<group>";
		};
/* End PBXVariantGroup section */

/* Begin XCBuildConfiguration section */
		4081AC561DD20333001994C4 /* Debug */ = {
			isa = XCBuildConfiguration;
			buildSettings = {
			};
			name = Debug;
		};
		4081AC571DD20333001994C4 /* Release */ = {
			isa = XCBuildConfiguration;
			buildSettings = {
			};
			name = Release;
		};
		4081AC791DD203B2001994C4 /* Debug */ = {
			isa = XCBuildConfiguration;
			buildSettings = {
				ALWAYS_SEARCH_USER_PATHS = NO;
				CLANG_ANALYZER_NONNULL = YES;
				CLANG_CXX_LANGUAGE_STANDARD = "gnu++0x";
				CLANG_CXX_LIBRARY = "libc++";
				CLANG_ENABLE_MODULES = YES;
				CLANG_ENABLE_OBJC_ARC = YES;
				CLANG_WARN_BOOL_CONVERSION = YES;
				CLANG_WARN_CONSTANT_CONVERSION = YES;
				CLANG_WARN_DIRECT_OBJC_ISA_USAGE = YES_ERROR;
				CLANG_WARN_DOCUMENTATION_COMMENTS = YES;
				CLANG_WARN_EMPTY_BODY = YES;
				CLANG_WARN_ENUM_CONVERSION = YES;
				CLANG_WARN_INFINITE_RECURSION = YES;
				CLANG_WARN_INT_CONVERSION = YES;
				CLANG_WARN_OBJC_ROOT_CLASS = YES_ERROR;
				CLANG_WARN_SUSPICIOUS_MOVES = YES;
				CLANG_WARN_UNREACHABLE_CODE = YES;
				CLANG_WARN__DUPLICATE_METHOD_MATCH = YES;
				CODE_SIGN_IDENTITY = "";
				"CODE_SIGN_IDENTITY[sdk=iphoneos*]" = "iPhone Developer";
				COPY_PHASE_STRIP = NO;
				CURRENT_PROJECT_VERSION = 1;
				DEBUG_INFORMATION_FORMAT = dwarf;
				DEFINES_MODULE = YES;
				DEVELOPMENT_TEAM = "";
				DYLIB_COMPATIBILITY_VERSION = 1;
				DYLIB_CURRENT_VERSION = 1;
				DYLIB_INSTALL_NAME_BASE = "@rpath";
				ENABLE_STRICT_OBJC_MSGSEND = YES;
				ENABLE_TESTABILITY = YES;
				GCC_C_LANGUAGE_STANDARD = gnu99;
				GCC_DYNAMIC_NO_PIC = NO;
				GCC_NO_COMMON_BLOCKS = YES;
				GCC_OPTIMIZATION_LEVEL = 0;
				GCC_PREPROCESSOR_DEFINITIONS = (
					"DEBUG=1",
					"$(inherited)",
				);
				GCC_WARN_64_TO_32_BIT_CONVERSION = YES;
				GCC_WARN_ABOUT_RETURN_TYPE = YES_ERROR;
				GCC_WARN_UNDECLARED_SELECTOR = YES;
				GCC_WARN_UNINITIALIZED_AUTOS = YES_AGGRESSIVE;
				GCC_WARN_UNUSED_FUNCTION = YES;
				GCC_WARN_UNUSED_VARIABLE = YES;
				INFOPLIST_FILE = "$(SRCROOT)/Sources/Info-iOS.plist";
				INSTALL_PATH = "$(LOCAL_LIBRARY_DIR)/Frameworks";
				IPHONEOS_DEPLOYMENT_TARGET = 8.4;
				LD_RUNPATH_SEARCH_PATHS = "$(inherited) @executable_path/Frameworks @loader_path/Frameworks";
				MTL_ENABLE_DEBUG_INFO = YES;
				ONLY_ACTIVE_ARCH = YES;
				PRODUCT_BUNDLE_IDENTIFIER = "com.danthought.DTMessageBar-iOS";
				PRODUCT_NAME = DTMessageBar;
				SDKROOT = iphoneos;
				SKIP_INSTALL = YES;
				SWIFT_ACTIVE_COMPILATION_CONDITIONS = DEBUG;
				SWIFT_OPTIMIZATION_LEVEL = "-Onone";
				SWIFT_VERSION = 3.0;
				TARGETED_DEVICE_FAMILY = "1,2";
				VERSIONING_SYSTEM = "apple-generic";
				VERSION_INFO_PREFIX = "";
			};
			name = Debug;
		};
		4081AC7A1DD203B2001994C4 /* Release */ = {
			isa = XCBuildConfiguration;
			buildSettings = {
				ALWAYS_SEARCH_USER_PATHS = NO;
				CLANG_ANALYZER_NONNULL = YES;
				CLANG_CXX_LANGUAGE_STANDARD = "gnu++0x";
				CLANG_CXX_LIBRARY = "libc++";
				CLANG_ENABLE_MODULES = YES;
				CLANG_ENABLE_OBJC_ARC = YES;
				CLANG_WARN_BOOL_CONVERSION = YES;
				CLANG_WARN_CONSTANT_CONVERSION = YES;
				CLANG_WARN_DIRECT_OBJC_ISA_USAGE = YES_ERROR;
				CLANG_WARN_DOCUMENTATION_COMMENTS = YES;
				CLANG_WARN_EMPTY_BODY = YES;
				CLANG_WARN_ENUM_CONVERSION = YES;
				CLANG_WARN_INFINITE_RECURSION = YES;
				CLANG_WARN_INT_CONVERSION = YES;
				CLANG_WARN_OBJC_ROOT_CLASS = YES_ERROR;
				CLANG_WARN_SUSPICIOUS_MOVES = YES;
				CLANG_WARN_UNREACHABLE_CODE = YES;
				CLANG_WARN__DUPLICATE_METHOD_MATCH = YES;
				CODE_SIGN_IDENTITY = "";
				"CODE_SIGN_IDENTITY[sdk=iphoneos*]" = "iPhone Developer";
				COPY_PHASE_STRIP = NO;
				CURRENT_PROJECT_VERSION = 1;
				DEBUG_INFORMATION_FORMAT = "dwarf-with-dsym";
				DEFINES_MODULE = YES;
				DEVELOPMENT_TEAM = "";
				DYLIB_COMPATIBILITY_VERSION = 1;
				DYLIB_CURRENT_VERSION = 1;
				DYLIB_INSTALL_NAME_BASE = "@rpath";
				ENABLE_NS_ASSERTIONS = NO;
				ENABLE_STRICT_OBJC_MSGSEND = YES;
				GCC_C_LANGUAGE_STANDARD = gnu99;
				GCC_NO_COMMON_BLOCKS = YES;
				GCC_WARN_64_TO_32_BIT_CONVERSION = YES;
				GCC_WARN_ABOUT_RETURN_TYPE = YES_ERROR;
				GCC_WARN_UNDECLARED_SELECTOR = YES;
				GCC_WARN_UNINITIALIZED_AUTOS = YES_AGGRESSIVE;
				GCC_WARN_UNUSED_FUNCTION = YES;
				GCC_WARN_UNUSED_VARIABLE = YES;
				INFOPLIST_FILE = "$(SRCROOT)/Sources/Info-iOS.plist";
				INSTALL_PATH = "$(LOCAL_LIBRARY_DIR)/Frameworks";
				IPHONEOS_DEPLOYMENT_TARGET = 8.4;
				LD_RUNPATH_SEARCH_PATHS = "$(inherited) @executable_path/Frameworks @loader_path/Frameworks";
				MTL_ENABLE_DEBUG_INFO = NO;
				PRODUCT_BUNDLE_IDENTIFIER = "com.danthought.DTMessageBar-iOS";
				PRODUCT_NAME = DTMessageBar;
				SDKROOT = iphoneos;
				SKIP_INSTALL = YES;
				SWIFT_OPTIMIZATION_LEVEL = "-Owholemodule";
				SWIFT_VERSION = 3.0;
				TARGETED_DEVICE_FAMILY = "1,2";
				VALIDATE_PRODUCT = YES;
				VERSIONING_SYSTEM = "apple-generic";
				VERSION_INFO_PREFIX = "";
			};
			name = Release;
		};
		4081ACB91DD20753001994C4 /* Debug */ = {
			isa = XCBuildConfiguration;
			buildSettings = {
				ALWAYS_SEARCH_USER_PATHS = NO;
				ASSETCATALOG_COMPILER_APPICON_NAME = AppIcon;
				CLANG_ANALYZER_NONNULL = YES;
				CLANG_CXX_LANGUAGE_STANDARD = "gnu++0x";
				CLANG_CXX_LIBRARY = "libc++";
				CLANG_ENABLE_MODULES = YES;
				CLANG_ENABLE_OBJC_ARC = YES;
				CLANG_WARN_BOOL_CONVERSION = YES;
				CLANG_WARN_CONSTANT_CONVERSION = YES;
				CLANG_WARN_DIRECT_OBJC_ISA_USAGE = YES_ERROR;
				CLANG_WARN_DOCUMENTATION_COMMENTS = YES;
				CLANG_WARN_EMPTY_BODY = YES;
				CLANG_WARN_ENUM_CONVERSION = YES;
				CLANG_WARN_INFINITE_RECURSION = YES;
				CLANG_WARN_INT_CONVERSION = YES;
				CLANG_WARN_OBJC_ROOT_CLASS = YES_ERROR;
				CLANG_WARN_SUSPICIOUS_MOVES = YES;
				CLANG_WARN_UNREACHABLE_CODE = YES;
				CLANG_WARN__DUPLICATE_METHOD_MATCH = YES;
				"CODE_SIGN_IDENTITY[sdk=iphoneos*]" = "iPhone Developer";
				COPY_PHASE_STRIP = NO;
				DEBUG_INFORMATION_FORMAT = dwarf;
				DEVELOPMENT_TEAM = SLM6SZ8JH3;
				ENABLE_STRICT_OBJC_MSGSEND = YES;
				ENABLE_TESTABILITY = YES;
				GCC_C_LANGUAGE_STANDARD = gnu99;
				GCC_DYNAMIC_NO_PIC = NO;
				GCC_NO_COMMON_BLOCKS = YES;
				GCC_OPTIMIZATION_LEVEL = 0;
				GCC_PREPROCESSOR_DEFINITIONS = (
					"DEBUG=1",
					"$(inherited)",
				);
				GCC_WARN_64_TO_32_BIT_CONVERSION = YES;
				GCC_WARN_ABOUT_RETURN_TYPE = YES_ERROR;
				GCC_WARN_UNDECLARED_SELECTOR = YES;
				GCC_WARN_UNINITIALIZED_AUTOS = YES_AGGRESSIVE;
				GCC_WARN_UNUSED_FUNCTION = YES;
				GCC_WARN_UNUSED_VARIABLE = YES;
				INFOPLIST_FILE = "DTMessageBar iOS Example/Info.plist";
				IPHONEOS_DEPLOYMENT_TARGET = 10.1;
				LD_RUNPATH_SEARCH_PATHS = "$(inherited) @executable_path/Frameworks";
				MTL_ENABLE_DEBUG_INFO = YES;
				ONLY_ACTIVE_ARCH = YES;
				PRODUCT_BUNDLE_IDENTIFIER = "com.danthought.DTMessageBar-iOS-Example";
				PRODUCT_NAME = "$(TARGET_NAME)";
				SDKROOT = iphoneos;
				SWIFT_ACTIVE_COMPILATION_CONDITIONS = DEBUG;
				SWIFT_OPTIMIZATION_LEVEL = "-Onone";
				SWIFT_VERSION = 3.0;
			};
			name = Debug;
		};
		4081ACBA1DD20753001994C4 /* Release */ = {
			isa = XCBuildConfiguration;
			buildSettings = {
				ALWAYS_SEARCH_USER_PATHS = NO;
				ASSETCATALOG_COMPILER_APPICON_NAME = AppIcon;
				CLANG_ANALYZER_NONNULL = YES;
				CLANG_CXX_LANGUAGE_STANDARD = "gnu++0x";
				CLANG_CXX_LIBRARY = "libc++";
				CLANG_ENABLE_MODULES = YES;
				CLANG_ENABLE_OBJC_ARC = YES;
				CLANG_WARN_BOOL_CONVERSION = YES;
				CLANG_WARN_CONSTANT_CONVERSION = YES;
				CLANG_WARN_DIRECT_OBJC_ISA_USAGE = YES_ERROR;
				CLANG_WARN_DOCUMENTATION_COMMENTS = YES;
				CLANG_WARN_EMPTY_BODY = YES;
				CLANG_WARN_ENUM_CONVERSION = YES;
				CLANG_WARN_INFINITE_RECURSION = YES;
				CLANG_WARN_INT_CONVERSION = YES;
				CLANG_WARN_OBJC_ROOT_CLASS = YES_ERROR;
				CLANG_WARN_SUSPICIOUS_MOVES = YES;
				CLANG_WARN_UNREACHABLE_CODE = YES;
				CLANG_WARN__DUPLICATE_METHOD_MATCH = YES;
				"CODE_SIGN_IDENTITY[sdk=iphoneos*]" = "iPhone Developer";
				COPY_PHASE_STRIP = NO;
				DEBUG_INFORMATION_FORMAT = "dwarf-with-dsym";
				DEVELOPMENT_TEAM = SLM6SZ8JH3;
				ENABLE_NS_ASSERTIONS = NO;
				ENABLE_STRICT_OBJC_MSGSEND = YES;
				GCC_C_LANGUAGE_STANDARD = gnu99;
				GCC_NO_COMMON_BLOCKS = YES;
				GCC_WARN_64_TO_32_BIT_CONVERSION = YES;
				GCC_WARN_ABOUT_RETURN_TYPE = YES_ERROR;
				GCC_WARN_UNDECLARED_SELECTOR = YES;
				GCC_WARN_UNINITIALIZED_AUTOS = YES_AGGRESSIVE;
				GCC_WARN_UNUSED_FUNCTION = YES;
				GCC_WARN_UNUSED_VARIABLE = YES;
				INFOPLIST_FILE = "DTMessageBar iOS Example/Info.plist";
				IPHONEOS_DEPLOYMENT_TARGET = 10.1;
				LD_RUNPATH_SEARCH_PATHS = "$(inherited) @executable_path/Frameworks";
				MTL_ENABLE_DEBUG_INFO = NO;
				PRODUCT_BUNDLE_IDENTIFIER = "com.danthought.DTMessageBar-iOS-Example";
				PRODUCT_NAME = "$(TARGET_NAME)";
				SDKROOT = iphoneos;
				SWIFT_OPTIMIZATION_LEVEL = "-Owholemodule";
				SWIFT_VERSION = 3.0;
				VALIDATE_PRODUCT = YES;
			};
			name = Release;
		};
/* End XCBuildConfiguration section */

/* Begin XCConfigurationList section */
		4081AC551DD20333001994C4 /* Build configuration list for PBXProject "DTMessageBar" */ = {
			isa = XCConfigurationList;
			buildConfigurations = (
				4081AC561DD20333001994C4 /* Debug */,
				4081AC571DD20333001994C4 /* Release */,
			);
			defaultConfigurationIsVisible = 0;
			defaultConfigurationName = Release;
		};
		4081AC781DD203B2001994C4 /* Build configuration list for PBXNativeTarget "DTMessageBar iOS" */ = {
			isa = XCConfigurationList;
			buildConfigurations = (
				4081AC791DD203B2001994C4 /* Debug */,
				4081AC7A1DD203B2001994C4 /* Release */,
			);
			defaultConfigurationIsVisible = 0;
			defaultConfigurationName = Release;
		};
		4081ACB81DD20753001994C4 /* Build configuration list for PBXNativeTarget "DTMessageBar iOS Example" */ = {
			isa = XCConfigurationList;
			buildConfigurations = (
				4081ACB91DD20753001994C4 /* Debug */,
				4081ACBA1DD20753001994C4 /* Release */,
			);
			defaultConfigurationIsVisible = 0;
			defaultConfigurationName = Release;
		};
/* End XCConfigurationList section */
	};
	rootObject = 4081AC521DD20333001994C4 /* Project object */;
}
